
Microsoft Visual Studio Solution File, Format Version 12.00
# Visual Studio Version 17
VisualStudioVersion = 17.4.33020.496
MinimumVisualStudioVersion = 10.0.40219.1
Project("{9A19103F-16F7-4668-BE54-9A1E7A4F7556}") = "DemoPlugin", "DemoPlugin\DemoPlugin.csproj", "{9C3A3D3F-B9D6-43C3-945E-3CF16D703DE5}"
EndProject
Project("{FAE04EC0-301F-11D3-BF4B-00C04F79EFBC}") = "Lib.Tests", "Lib.Tests\Lib.Tests.csproj", "{6608D4E6-4866-48FE-B15C-CB695A9928A2}"
EndProject
Project("{FAE04EC0-301F-11D3-BF4B-00C04F79EFBC}") = "Lib", "Lib\Lib.csproj", "{5685C6BD-31AE-46BD-A1B1-5BC5E4F8EA80}"
EndProject
Global
	GlobalSection(SolutionConfigurationPlatforms) = preSolution
		Debug|Any CPU = Debug|Any CPU
		Release|Any CPU = Release|Any CPU
	EndGlobalSection
	GlobalSection(ProjectConfigurationPlatforms) = postSolution
		{9C3A3D3F-B9D6-43C3-945E-3CF16D703DE5}.Debug|Any CPU.ActiveCfg = Debug|Any CPU
		{9C3A3D3F-B9D6-43C3-945E-3CF16D703DE5}.Debug|Any CPU.Build.0 = Debug|Any CPU
		{9C3A3D3F-B9D6-43C3-945E-3CF16D703DE5}.Release|Any CPU.ActiveCfg = Release|Any CPU
		{9C3A3D3F-B9D6-43C3-945E-3CF16D703DE5}.Release|Any CPU.Build.0 = Release|Any CPU
		{6608D4E6-4866-48FE-B15C-CB695A9928A2}.Debug|Any CPU.ActiveCfg = Debug|Any CPU
		{6608D4E6-4866-48FE-B15C-CB695A9928A2}.Debug|Any CPU.Build.0 = Debug|Any CPU
		{6608D4E6-4866-48FE-B15C-CB695A9928A2}.Release|Any CPU.ActiveCfg = Release|Any CPU
		{6608D4E6-4866-48FE-B15C-CB695A9928A2}.Release|Any CPU.Build.0 = Release|Any CPU
		{5685C6BD-31AE-46BD-A1B1-5BC5E4F8EA80}.Debug|Any CPU.ActiveCfg = Debug|Any CPU
		{5685C6BD-31AE-46BD-A1B1-5BC5E4F8EA80}.Debug|Any CPU.Build.0 = Debug|Any CPU
		{5685C6BD-31AE-46BD-A1B1-5BC5E4F8EA80}.Release|Any CPU.ActiveCfg = Release|Any CPU
		{5685C6BD-31AE-46BD-A1B1-5BC5E4F8EA80}.Release|Any CPU.Build.0 = Release|Any CPU
	EndGlobalSection
	GlobalSection(SolutionProperties) = preSolution
		HideSolutionNode = FALSE
	EndGlobalSection
	GlobalSection(ExtensibilityGlobals) = postSolution
		SolutionGuid = {61BD1A1F-8E2E-4F40-A5A6-62B949AA8742}
	EndGlobalSection
EndGlobal
